// !$*UTF8*$!
{
	archiveVersion = 1;
	classes = {
	};
	objectVersion = 48;
	objects = {

/* Begin PBXBuildFile section */
		D9635265206C543E000232F2 /* AppDelegate.swift in Sources */ = {isa = PBXBuildFile; fileRef = D9635264206C543E000232F2 /* AppDelegate.swift */; };
		D9635267206C543E000232F2 /* ViewController.swift in Sources */ = {isa = PBXBuildFile; fileRef = D9635266206C543E000232F2 /* ViewController.swift */; };
		D963526A206C543E000232F2 /* Main.storyboard in Resources */ = {isa = PBXBuildFile; fileRef = D9635268206C543E000232F2 /* Main.storyboard */; };
		D963526C206C543E000232F2 /* Assets.xcassets in Resources */ = {isa = PBXBuildFile; fileRef = D963526B206C543E000232F2 /* Assets.xcassets */; };
		D963526F206C543E000232F2 /* LaunchScreen.storyboard in Resources */ = {isa = PBXBuildFile; fileRef = D963526D206C543E000232F2 /* LaunchScreen.storyboard */; };
		D963527A206C543E000232F2 /* ActualLoanCostTests.swift in Sources */ = {isa = PBXBuildFile; fileRef = D9635279206C543E000232F2 /* ActualLoanCostTests.swift */; };
/* End PBXBuildFile section */

/* Begin PBXContainerItemProxy section */
		D9635276206C543E000232F2 /* PBXContainerItemProxy */ = {
			isa = PBXContainerItemProxy;
			containerPortal = D9635259206C543D000232F2 /* Project object */;
			proxyType = 1;
			remoteGlobalIDString = D9635260206C543E000232F2;
			remoteInfo = ActualLoanCost;
		};
/* End PBXContainerItemProxy section */

/* Begin PBXFileReference section */
		D9635261206C543E000232F2 /* ActualLoanCost.app */ = {isa = PBXFileReference; explicitFileType = wrapper.application; includeInIndex = 0; path = ActualLoanCost.app; sourceTree = BUILT_PRODUCTS_DIR; };
		D9635264206C543E000232F2 /* AppDelegate.swift */ = {isa = PBXFileReference; lastKnownFileType = sourcecode.swift; path = AppDelegate.swift; sourceTree = "<group>"; };
		D9635266206C543E000232F2 /* ViewController.swift */ = {isa = PBXFileReference; lastKnownFileType = sourcecode.swift; path = ViewController.swift; sourceTree = "<group>"; };
		D9635269206C543E000232F2 /* Base */ = {isa = PBXFileReference; lastKnownFileType = file.storyboard; name = Base; path = Base.lproj/Main.storyboard; sourceTree = "<group>"; };
		D963526B206C543E000232F2 /* Assets.xcassets */ = {isa = PBXFileReference; lastKnownFileType = folder.assetcatalog; path = Assets.xcassets; sourceTree = "<group>"; };
		D963526E206C543E000232F2 /* Base */ = {isa = PBXFileReference; lastKnownFileType = file.storyboard; name = Base; path = Base.lproj/LaunchScreen.storyboard; sourceTree = "<group>"; };
		D9635270206C543E000232F2 /* Info.plist */ = {isa = PBXFileReference; lastKnownFileType = text.plist.xml; path = Info.plist; sourceTree = "<group>"; };
		D9635275206C543E000232F2 /* ActualLoanCostTests.xctest */ = {isa = PBXFileReference; explicitFileType = wrapper.cfbundle; includeInIndex = 0; path = ActualLoanCostTests.xctest; sourceTree = BUILT_PRODUCTS_DIR; };
		D9635279206C543E000232F2 /* ActualLoanCostTests.swift */ = {isa = PBXFileReference; lastKnownFileType = sourcecode.swift; path = ActualLoanCostTests.swift; sourceTree = "<group>"; };
		D963527B206C543E000232F2 /* Info.plist */ = {isa = PBXFileReference; lastKnownFileType = text.plist.xml; path = Info.plist; sourceTree = "<group>"; };
/* End PBXFileReference section */

/* Begin PBXFrameworksBuildPhase section */
		D963525E206C543E000232F2 /* Frameworks */ = {
			isa = PBXFrameworksBuildPhase;
			buildActionMask = 2147483647;
			files = (
			);
			runOnlyForDeploymentPostprocessing = 0;
		};
		D9635272206C543E000232F2 /* Frameworks */ = {
			isa = PBXFrameworksBuildPhase;
			buildActionMask = 2147483647;
			files = (
			);
			runOnlyForDeploymentPostprocessing = 0;
		};
/* End PBXFrameworksBuildPhase section */

/* Begin PBXGroup section */
		D9635258206C543D000232F2 = {
			isa = PBXGroup;
			children = (
				D9635263206C543E000232F2 /* ActualLoanCost */,
				D9635278206C543E000232F2 /* ActualLoanCostTests */,
				D9635262206C543E000232F2 /* Products */,
			);
			sourceTree = "<group>";
		};
		D9635262206C543E000232F2 /* Products */ = {
			isa = PBXGroup;
			children = (
				D9635261206C543E000232F2 /* ActualLoanCost.app */,
				D9635275206C543E000232F2 /* ActualLoanCostTests.xctest */,
			);
			name = Products;
			sourceTree = "<group>";
		};
		D9635263206C543E000232F2 /* ActualLoanCost */ = {
			isa = PBXGroup;
			children = (
				D9635264206C543E000232F2 /* AppDelegate.swift */,
				D9635266206C543E000232F2 /* ViewController.swift */,
				D9635268206C543E000232F2 /* Main.storyboard */,
				D963526B206C543E000232F2 /* Assets.xcassets */,
				D963526D206C543E000232F2 /* LaunchScreen.storyboard */,
				D9635270206C543E000232F2 /* Info.plist */,
			);
			path = ActualLoanCost;
			sourceTree = "<group>";
		};
		D9635278206C543E000232F2 /* ActualLoanCostTests */ = {
			isa = PBXGroup;
			children = (
				D9635279206C543E000232F2 /* ActualLoanCostTests.swift */,
				D963527B206C543E000232F2 /* Info.plist */,
			);
			path = ActualLoanCostTests;
			sourceTree = "<group>";
		};
/* End PBXGroup section */

/* Begin PBXNativeTarget section */
		D9635260206C543E000232F2 /* ActualLoanCost */ = {
			isa = PBXNativeTarget;
			buildConfigurationList = D963527E206C543E000232F2 /* Build configuration list for PBXNativeTarget "ActualLoanCost" */;
			buildPhases = (
				D963525D206C543E000232F2 /* Sources */,
				D963525E206C543E000232F2 /* Frameworks */,
				D963525F206C543E000232F2 /* Resources */,
			);
			buildRules = (
			);
			dependencies = (
			);
			name = ActualLoanCost;
			productName = ActualLoanCost;
			productReference = D9635261206C543E000232F2 /* ActualLoanCost.app */;
			productType = "com.apple.product-type.application";
		};
		D9635274206C543E000232F2 /* ActualLoanCostTests */ = {
			isa = PBXNativeTarget;
			buildConfigurationList = D9635281206C543E000232F2 /* Build configuration list for PBXNativeTarget "ActualLoanCostTests" */;
			buildPhases = (
				D9635271206C543E000232F2 /* Sources */,
				D9635272206C543E000232F2 /* Frameworks */,
				D9635273206C543E000232F2 /* Resources */,
			);
			buildRules = (
			);
			dependencies = (
				D9635277206C543E000232F2 /* PBXTargetDependency */,
			);
			name = ActualLoanCostTests;
			productName = ActualLoanCostTests;
			productReference = D9635275206C543E000232F2 /* ActualLoanCostTests.xctest */;
			productType = "com.apple.product-type.bundle.unit-test";
		};
/* End PBXNativeTarget section */

/* Begin PBXProject section */
		D9635259206C543D000232F2 /* Project object */ = {
			isa = PBXProject;
			attributes = {
				LastSwiftUpdateCheck = 0920;
				LastUpgradeCheck = 0920;
				ORGANIZATIONNAME = Lowther;
				TargetAttributes = {
					D9635260206C543E000232F2 = {
						CreatedOnToolsVersion = 9.2;
						ProvisioningStyle = Automatic;
					};
					D9635274206C543E000232F2 = {
						CreatedOnToolsVersion = 9.2;
						ProvisioningStyle = Automatic;
						TestTargetID = D9635260206C543E000232F2;
					};
				};
			};
			buildConfigurationList = D963525C206C543D000232F2 /* Build configuration list for PBXProject "ActualLoanCost" */;
			compatibilityVersion = "Xcode 8.0";
			developmentRegion = en;
			hasScannedForEncodings = 0;
			knownRegions = (
				en,
				Base,
			);
			mainGroup = D9635258206C543D000232F2;
			productRefGroup = D9635262206C543E000232F2 /* Products */;
			projectDirPath = "";
			projectRoot = "";
			targets = (
				D9635260206C543E000232F2 /* ActualLoanCost */,
				D9635274206C543E000232F2 /* ActualLoanCostTests */,
			);
		};
/* End PBXProject section */

/* Begin PBXResourcesBuildPhase section */
		D963525F206C543E000232F2 /* Resources */ = {
			isa = PBXResourcesBuildPhase;
			buildActionMask = 2147483647;
			files = (
				D963526F206C543E000232F2 /* LaunchScreen.storyboard in Resources */,
				D963526C206C543E000232F2 /* Assets.xcassets in Resources */,
				D963526A206C543E000232F2 /* Main.storyboard in Resources */,
			);
			runOnlyForDeploymentPostprocessing = 0;
		};
		D9635273206C543E000232F2 /* Resources */ = {
			isa = PBXResourcesBuildPhase;
			buildActionMask = 2147483647;
			files = (
			);
			runOnlyForDeploymentPostprocessing = 0;
		};
/* End PBXResourcesBuildPhase section */

/* Begin PBXSourcesBuildPhase section */
		D963525D206C543E000232F2 /* Sources */ = {
			isa = PBXSourcesBuildPhase;
			buildActionMask = 2147483647;
			files = (
				D9635267206C543E000232F2 /* ViewController.swift in Sources */,
				D9635265206C543E000232F2 /* AppDelegate.swift in Sources */,
			);
			runOnlyForDeploymentPostprocessing = 0;
		};
		D9635271206C543E000232F2 /* Sources */ = {
			isa = PBXSourcesBuildPhase;
			buildActionMask = 2147483647;
			files = (
				D963527A206C543E000232F2 /* ActualLoanCostTests.swift in Sources */,
			);
			runOnlyForDeploymentPostprocessing = 0;
		};
/* End PBXSourcesBuildPhase section */

/* Begin PBXTargetDependency section */
		D9635277206C543E000232F2 /* PBXTargetDependency */ = {
			isa = PBXTargetDependency;
			target = D9635260206C543E000232F2 /* ActualLoanCost */;
			targetProxy = D9635276206C543E000232F2 /* PBXContainerItemProxy */;
		};
/* End PBXTargetDependency section */

/* Begin PBXVariantGroup section */
		D9635268206C543E000232F2 /* Main.storyboard */ = {
			isa = PBXVariantGroup;
			children = (
				D9635269206C543E000232F2 /* Base */,
			);
			name = Main.storyboard;
			sourceTree = "<group>";
		};
		D963526D206C543E000232F2 /* LaunchScreen.storyboard */ = {
			isa = PBXVariantGroup;
			children = (
				D963526E206C543E000232F2 /* Base */,
			);
			name = LaunchScreen.storyboard;
			sourceTree = "<group>";
		};
/* End PBXVariantGroup section */

/* Begin XCBuildConfiguration section */
		D963527C206C543E000232F2 /* Debug */ = {
			isa = XCBuildConfiguration;
			buildSettings = {
				ALWAYS_SEARCH_USER_PATHS = NO;
				CLANG_ANALYZER_NONNULL = YES;
				CLANG_ANALYZER_NUMBER_OBJECT_CONVERSION = YES_AGGRESSIVE;
				CLANG_CXX_LANGUAGE_STANDARD = "gnu++14";
				CLANG_CXX_LIBRARY = "libc++";
				CLANG_ENABLE_MODULES = YES;
				CLANG_ENABLE_OBJC_ARC = YES;
				CLANG_WARN_BLOCK_CAPTURE_AUTORELEASING = YES;
				CLANG_WARN_BOOL_CONVERSION = YES;
				CLANG_WARN_COMMA = YES;
				CLANG_WARN_CONSTANT_CONVERSION = YES;
				CLANG_WARN_DIRECT_OBJC_ISA_USAGE = YES_ERROR;
				CLANG_WARN_DOCUMENTATION_COMMENTS = YES;
				CLANG_WARN_EMPTY_BODY = YES;
				CLANG_WARN_ENUM_CONVERSION = YES;
				CLANG_WARN_INFINITE_RECURSION = YES;
				CLANG_WARN_INT_CONVERSION = YES;
				CLANG_WARN_NON_LITERAL_NULL_CONVERSION = YES;
				CLANG_WARN_OBJC_LITERAL_CONVERSION = YES;
				CLANG_WARN_OBJC_ROOT_CLASS = YES_ERROR;
				CLANG_WARN_RANGE_LOOP_ANALYSIS = YES;
				CLANG_WARN_STRICT_PROTOTYPES = YES;
				CLANG_WARN_SUSPICIOUS_MOVE = YES;
				CLANG_WARN_UNGUARDED_AVAILABILITY = YES_AGGRESSIVE;
				CLANG_WARN_UNREACHABLE_CODE = YES;
				CLANG_WARN__DUPLICATE_METHOD_MATCH = YES;
				CODE_SIGN_IDENTITY = "iPhone Developer";
				COPY_PHASE_STRIP = NO;
				DEBUG_INFORMATION_FORMAT = dwarf;
				ENABLE_STRICT_OBJC_MSGSEND = YES;
				ENABLE_TESTABILITY = YES;
				GCC_C_LANGUAGE_STANDARD = gnu11;
				GCC_DYNAMIC_NO_PIC = NO;
				GCC_NO_COMMON_BLOCKS = YES;
				GCC_OPTIMIZATION_LEVEL = 0;
				GCC_PREPROCESSOR_DEFINITIONS = (
					"DEBUG=1",
					"$(inherited)",
				);
				GCC_WARN_64_TO_32_BIT_CONVERSION = YES;
				GCC_WARN_ABOUT_RETURN_TYPE = YES_ERROR;
				GCC_WARN_UNDECLARED_SELECTOR = YES;
				GCC_WARN_UNINITIALIZED_AUTOS = YES_AGGRESSIVE;
				GCC_WARN_UNUSED_FUNCTION = YES;
				GCC_WARN_UNUSED_VARIABLE = YES;
				IPHONEOS_DEPLOYMENT_TARGET = 11.2;
				MTL_ENABLE_DEBUG_INFO = YES;
				ONLY_ACTIVE_ARCH = YES;
				SDKROOT = iphoneos;
				SWIFT_ACTIVE_COMPILATION_CONDITIONS = DEBUG;
				SWIFT_OPTIMIZATION_LEVEL = "-Onone";
			};
			name = Debug;
		};
		D963527D206C543E000232F2 /* Release */ = {
			isa = XCBuildConfiguration;
			buildSettings = {
				ALWAYS_SEARCH_USER_PATHS = NO;
				CLANG_ANALYZER_NONNULL = YES;
				CLANG_ANALYZER_NUMBER_OBJECT_CONVERSION = YES_AGGRESSIVE;
				CLANG_CXX_LANGUAGE_STANDARD = "gnu++14";
				CLANG_CXX_LIBRARY = "libc++";
				CLANG_ENABLE_MODULES = YES;
				CLANG_ENABLE_OBJC_ARC = YES;
				CLANG_WARN_BLOCK_CAPTURE_AUTORELEASING = YES;
				CLANG_WARN_BOOL_CONVERSION = YES;
				CLANG_WARN_COMMA = YES;
				CLANG_WARN_CONSTANT_CONVERSION = YES;
				CLANG_WARN_DIRECT_OBJC_ISA_USAGE = YES_ERROR;
				CLANG_WARN_DOCUMENTATION_COMMENTS = YES;
				CLANG_WARN_EMPTY_BODY = YES;
				CLANG_WARN_ENUM_CONVERSION = YES;
				CLANG_WARN_INFINITE_RECURSION = YES;
				CLANG_WARN_INT_CONVERSION = YES;
				CLANG_WARN_NON_LITERAL_NULL_CONVERSION = YES;
				CLANG_WARN_OBJC_LITERAL_CONVERSION = YES;
				CLANG_WARN_OBJC_ROOT_CLASS = YES_ERROR;
				CLANG_WARN_RANGE_LOOP_ANALYSIS = YES;
				CLANG_WARN_STRICT_PROTOTYPES = YES;
				CLANG_WARN_SUSPICIOUS_MOVE = YES;
				CLANG_WARN_UNGUARDED_AVAILABILITY = YES_AGGRESSIVE;
				CLANG_WARN_UNREACHABLE_CODE = YES;
				CLANG_WARN__DUPLICATE_METHOD_MATCH = YES;
				CODE_SIGN_IDENTITY = "iPhone Developer";
				COPY_PHASE_STRIP = NO;
				DEBUG_INFORMATION_FORMAT = "dwarf-with-dsym";
				ENABLE_NS_ASSERTIONS = NO;
				ENABLE_STRICT_OBJC_MSGSEND = YES;
				GCC_C_LANGUAGE_STANDARD = gnu11;
				GCC_NO_COMMON_BLOCKS = YES;
				GCC_WARN_64_TO_32_BIT_CONVERSION = YES;
				GCC_WARN_ABOUT_RETURN_TYPE = YES_ERROR;
				GCC_WARN_UNDECLARED_SELECTOR = YES;
				GCC_WARN_UNINITIALIZED_AUTOS = YES_AGGRESSIVE;
				GCC_WARN_UNUSED_FUNCTION = YES;
				GCC_WARN_UNUSED_VARIABLE = YES;
				IPHONEOS_DEPLOYMENT_TARGET = 11.2;
				MTL_ENABLE_DEBUG_INFO = NO;
				SDKROOT = iphoneos;
				SWIFT_OPTIMIZATION_LEVEL = "-Owholemodule";
				VALIDATE_PRODUCT = YES;
			};
			name = Release;
		};
		D963527F206C543E000232F2 /* Debug */ = {
			isa = XCBuildConfiguration;
			buildSettings = {
				ASSETCATALOG_COMPILER_APPICON_NAME = AppIcon;
				CODE_SIGN_STYLE = Automatic;
				DEVELOPMENT_TEAM = E5ANWKSXGH;
				INFOPLIST_FILE = ActualLoanCost/Info.plist;
				LD_RUNPATH_SEARCH_PATHS = "$(inherited) @executable_path/Frameworks";
				PRODUCT_BUNDLE_IDENTIFIER = me.lowther.ActualLoanCost;
				PRODUCT_NAME = "$(TARGET_NAME)";
				SWIFT_VERSION = 4.0;
				TARGETED_DEVICE_FAMILY = "1,2";
			};
			name = Debug;
		};
		D9635280206C543E000232F2 /* Release */ = {
			isa = XCBuildConfiguration;
			buildSettings = {
				ASSETCATALOG_COMPILER_APPICON_NAME = AppIcon;
				CODE_SIGN_STYLE = Automatic;
				DEVELOPMENT_TEAM = E5ANWKSXGH;
				INFOPLIST_FILE = ActualLoanCost/Info.plist;
				LD_RUNPATH_SEARCH_PATHS = "$(inherited) @executable_path/Frameworks";
				PRODUCT_BUNDLE_IDENTIFIER = me.lowther.ActualLoanCost;
				PRODUCT_NAME = "$(TARGET_NAME)";
				SWIFT_VERSION = 4.0;
				TARGETED_DEVICE_FAMILY = "1,2";
			};
			name = Release;
		};
		D9635282206C543E000232F2 /* Debug */ = {
			isa = XCBuildConfiguration;
			buildSettings = {
				ALWAYS_EMBED_SWIFT_STANDARD_LIBRARIES = YES;
				BUNDLE_LOADER = "$(TEST_HOST)";
				CODE_SIGN_STYLE = Automatic;
				DEVELOPMENT_TEAM = E5ANWKSXGH;
				INFOPLIST_FILE = ActualLoanCostTests/Info.plist;
				LD_RUNPATH_SEARCH_PATHS = "$(inherited) @executable_path/Frameworks @loader_path/Frameworks";
				PRODUCT_BUNDLE_IDENTIFIER = me.lowther.ActualLoanCostTests;
				PRODUCT_NAME = "$(TARGET_NAME)";
				SWIFT_VERSION = 4.0;
				TARGETED_DEVICE_FAMILY = "1,2";
				TEST_HOST = "$(BUILT_PRODUCTS_DIR)/ActualLoanCost.app/ActualLoanCost";
			};
			name = Debug;
		};
		D9635283206C543E000232F2 /* Release */ = {
			isa = XCBuildConfiguration;
			buildSettings = {
				ALWAYS_EMBED_SWIFT_STANDARD_LIBRARIES = YES;
				BUNDLE_LOADER = "$(TEST_HOST)";
				CODE_SIGN_STYLE = Automatic;
				DEVELOPMENT_TEAM = E5ANWKSXGH;
				INFOPLIST_FILE = ActualLoanCostTests/Info.plist;
				LD_RUNPATH_SEARCH_PATHS = "$(inherited) @executable_path/Frameworks @loader_path/Frameworks";
				PRODUCT_BUNDLE_IDENTIFIER = me.lowther.ActualLoanCostTests;
				PRODUCT_NAME = "$(TARGET_NAME)";
				SWIFT_VERSION = 4.0;
				TARGETED_DEVICE_FAMILY = "1,2";
				TEST_HOST = "$(BUILT_PRODUCTS_DIR)/ActualLoanCost.app/ActualLoanCost";
			};
			name = Release;
		};
/* End XCBuildConfiguration section */

/* Begin XCConfigurationList section */
		D963525C206C543D000232F2 /* Build configuration list for PBXProject "ActualLoanCost" */ = {
			isa = XCConfigurationList;
			buildConfigurations = (
				D963527C206C543E000232F2 /* Debug */,
				D963527D206C543E000232F2 /* Release */,
			);
			defaultConfigurationIsVisible = 0;
			defaultConfigurationName = Release;
		};
		D963527E206C543E000232F2 /* Build configuration list for PBXNativeTarget "ActualLoanCost" */ = {
			isa = XCConfigurationList;
			buildConfigurations = (
				D963527F206C543E000232F2 /* Debug */,
				D9635280206C543E000232F2 /* Release */,
			);
			defaultConfigurationIsVisible = 0;
			defaultConfigurationName = Release;
		};
		D9635281206C543E000232F2 /* Build configuration list for PBXNativeTarget "ActualLoanCostTests" */ = {
			isa = XCConfigurationList;
			buildConfigurations = (
				D9635282206C543E000232F2 /* Debug */,
				D9635283206C543E000232F2 /* Release */,
			);
			defaultConfigurationIsVisible = 0;
			defaultConfigurationName = Release;
		};
/* End XCConfigurationList section */
	};
	rootObject = D9635259206C543D000232F2 /* Project object */;
}
